
Microsoft Visual Studio Solution File, Format Version 12.00
# Visual Studio 15
VisualStudioVersion = 15.0.27703.2042
MinimumVisualStudioVersion = 10.0.40219.1
Project("{FAE04EC0-301F-11D3-BF4B-00C04F79EFBC}") = "Clippers_Salon", "Clippers_Salon\Clippers_Salon.csproj", "{A7ED2965-6E97-43B7-9CCA-3914924B7CCB}"
EndProject
Global
	GlobalSection(SolutionConfigurationPlatforms) = preSolution
		Debug|Any CPU = Debug|Any CPU
		Release|Any CPU = Release|Any CPU
	EndGlobalSection
	GlobalSection(ProjectConfigurationPlatforms) = postSolution
		{A7ED2965-6E97-43B7-9CCA-3914924B7CCB}.Debug|Any CPU.ActiveCfg = Debug|Any CPU
		{A7ED2965-6E97-43B7-9CCA-3914924B7CCB}.Debug|Any CPU.Build.0 = Debug|Any CPU
		{A7ED2965-6E97-43B7-9CCA-3914924B7CCB}.Release|Any CPU.ActiveCfg = Release|Any CPU
		{A7ED2965-6E97-43B7-9CCA-3914924B7CCB}.Release|Any CPU.Build.0 = Release|Any CPU
	EndGlobalSection
	GlobalSection(SolutionProperties) = preSolution
		HideSolutionNode = FALSE
	EndGlobalSection
	GlobalSection(ExtensibilityGlobals) = postSolution
		SolutionGuid = {B0C308EC-321C-4B56-9547-33AC4528FEA5}
	EndGlobalSection
EndGlobal
